
Microsoft Visual Studio Solution File, Format Version 12.00
# Visual Studio 14
VisualStudioVersion = 14.0.25420.1
MinimumVisualStudioVersion = 10.0.40219.1
Project("{FAE04EC0-301F-11D3-BF4B-00C04F79EFBC}") = "Announcement App 2", "Announcement App 2\Announcement App 2.csproj", "{52D99B53-76F7-4515-B921-8B1BA7B28AC9}"
EndProject
Project("{FAE04EC0-301F-11D3-BF4B-00C04F79EFBC}") = "Student App", "Student App\Student App.csproj", "{C97D2FC9-9FFD-452A-9681-BE779431C5A1}"
EndProject
Global
	GlobalSection(SolutionConfigurationPlatforms) = preSolution
		Debug|Any CPU = Debug|Any CPU
		Release|Any CPU = Release|Any CPU
	EndGlobalSection
	GlobalSection(ProjectConfigurationPlatforms) = postSolution
		{52D99B53-76F7-4515-B921-8B1BA7B28AC9}.Debug|Any CPU.ActiveCfg = Debug|Any CPU
		{52D99B53-76F7-4515-B921-8B1BA7B28AC9}.Debug|Any CPU.Build.0 = Debug|Any CPU
		{52D99B53-76F7-4515-B921-8B1BA7B28AC9}.Release|Any CPU.ActiveCfg = Release|Any CPU
		{52D99B53-76F7-4515-B921-8B1BA7B28AC9}.Release|Any CPU.Build.0 = Release|Any CPU
		{C97D2FC9-9FFD-452A-9681-BE779431C5A1}.Debug|Any CPU.ActiveCfg = Debug|Any CPU
		{C97D2FC9-9FFD-452A-9681-BE779431C5A1}.Debug|Any CPU.Build.0 = Debug|Any CPU
		{C97D2FC9-9FFD-452A-9681-BE779431C5A1}.Release|Any CPU.ActiveCfg = Release|Any CPU
		{C97D2FC9-9FFD-452A-9681-BE779431C5A1}.Release|Any CPU.Build.0 = Release|Any CPU
	EndGlobalSection
	GlobalSection(SolutionProperties) = preSolution
		HideSolutionNode = FALSE
	EndGlobalSection
EndGlobal
